
Microsoft Visual Studio Solution File, Format Version 12.00
# Visual Studio Version 16
VisualStudioVersion = 16.0.31624.102
MinimumVisualStudioVersion = 10.0.40219.1
Project("{9A19103F-16F7-4668-BE54-9A1E7A4F7556}") = "CustomerService.Api", "CustomerService.Api\CustomerService.Api.csproj", "{8CAEAC85-95AF-46B1-8826-4D90ACF49530}"
EndProject
Project("{2150E333-8FDC-42A3-9474-1A3956D46DE8}") = "Services", "Services", "{FED9B060-19EB-4FBB-959C-094C3D53934E}"
EndProject
Project("{2150E333-8FDC-42A3-9474-1A3956D46DE8}") = "Tests", "Tests", "{B6C487A6-64D4-4E8A-9A1B-DE13E0A292C3}"
EndProject
Project("{9A19103F-16F7-4668-BE54-9A1E7A4F7556}") = "CustomerService.Api.Tests", "CustomerService.Api.Tests\CustomerService.Api.Tests.csproj", "{C26F9670-66CC-4859-8104-8DC1812BC129}"
EndProject
Project("{9A19103F-16F7-4668-BE54-9A1E7A4F7556}") = "CustomerService.Domain", "CustomerService.Domain\CustomerService.Domain.csproj", "{602103FE-0B57-4DDD-8D17-015E9F9EDCDF}"
EndProject
Project("{9A19103F-16F7-4668-BE54-9A1E7A4F7556}") = "CustomerService.Api.Service", "CustomerService.Api.Service\CustomerService.Api.Service.csproj", "{097CF638-DC41-46B1-9B36-7EB198714713}"
EndProject
Project("{9A19103F-16F7-4668-BE54-9A1E7A4F7556}") = "CustomerService.Api.Service.Tests", "CustomerService.Api.Service.Tests\CustomerService.Api.Service.Tests.csproj", "{94B50423-490F-446A-93EB-20C02D59D5E3}"
EndProject
Project("{2150E333-8FDC-42A3-9474-1A3956D46DE8}") = "Solution Items", "Solution Items", "{446721DB-7812-4993-8E95-7A5AC556315F}"
	ProjectSection(SolutionItems) = preProject
		common.props = common.props
		Directory.Build.props = Directory.Build.props
	EndProjectSection
EndProject
Project("{FAE04EC0-301F-11D3-BF4B-00C04F79EFBC}") = "CustomerService.Data", "CustomerService.Data\CustomerService.Data.csproj", "{4797EAAA-9FF4-406D-86B9-7EAE50542EB2}"
EndProject
Global
	GlobalSection(SolutionConfigurationPlatforms) = preSolution
		Debug|Any CPU = Debug|Any CPU
		Release|Any CPU = Release|Any CPU
	EndGlobalSection
	GlobalSection(ProjectConfigurationPlatforms) = postSolution
		{8CAEAC85-95AF-46B1-8826-4D90ACF49530}.Debug|Any CPU.ActiveCfg = Debug|Any CPU
		{8CAEAC85-95AF-46B1-8826-4D90ACF49530}.Debug|Any CPU.Build.0 = Debug|Any CPU
		{8CAEAC85-95AF-46B1-8826-4D90ACF49530}.Release|Any CPU.ActiveCfg = Release|Any CPU
		{8CAEAC85-95AF-46B1-8826-4D90ACF49530}.Release|Any CPU.Build.0 = Release|Any CPU
		{C26F9670-66CC-4859-8104-8DC1812BC129}.Debug|Any CPU.ActiveCfg = Debug|Any CPU
		{C26F9670-66CC-4859-8104-8DC1812BC129}.Debug|Any CPU.Build.0 = Debug|Any CPU
		{C26F9670-66CC-4859-8104-8DC1812BC129}.Release|Any CPU.ActiveCfg = Release|Any CPU
		{C26F9670-66CC-4859-8104-8DC1812BC129}.Release|Any CPU.Build.0 = Release|Any CPU
		{602103FE-0B57-4DDD-8D17-015E9F9EDCDF}.Debug|Any CPU.ActiveCfg = Debug|Any CPU
		{602103FE-0B57-4DDD-8D17-015E9F9EDCDF}.Debug|Any CPU.Build.0 = Debug|Any CPU
		{602103FE-0B57-4DDD-8D17-015E9F9EDCDF}.Release|Any CPU.ActiveCfg = Release|Any CPU
		{602103FE-0B57-4DDD-8D17-015E9F9EDCDF}.Release|Any CPU.Build.0 = Release|Any CPU
		{097CF638-DC41-46B1-9B36-7EB198714713}.Debug|Any CPU.ActiveCfg = Debug|Any CPU
		{097CF638-DC41-46B1-9B36-7EB198714713}.Debug|Any CPU.Build.0 = Debug|Any CPU
		{097CF638-DC41-46B1-9B36-7EB198714713}.Release|Any CPU.ActiveCfg = Release|Any CPU
		{097CF638-DC41-46B1-9B36-7EB198714713}.Release|Any CPU.Build.0 = Release|Any CPU
		{94B50423-490F-446A-93EB-20C02D59D5E3}.Debug|Any CPU.ActiveCfg = Debug|Any CPU
		{94B50423-490F-446A-93EB-20C02D59D5E3}.Debug|Any CPU.Build.0 = Debug|Any CPU
		{94B50423-490F-446A-93EB-20C02D59D5E3}.Release|Any CPU.ActiveCfg = Release|Any CPU
		{94B50423-490F-446A-93EB-20C02D59D5E3}.Release|Any CPU.Build.0 = Release|Any CPU
		{4797EAAA-9FF4-406D-86B9-7EAE50542EB2}.Debug|Any CPU.ActiveCfg = Debug|Any CPU
		{4797EAAA-9FF4-406D-86B9-7EAE50542EB2}.Debug|Any CPU.Build.0 = Debug|Any CPU
		{4797EAAA-9FF4-406D-86B9-7EAE50542EB2}.Release|Any CPU.ActiveCfg = Release|Any CPU
		{4797EAAA-9FF4-406D-86B9-7EAE50542EB2}.Release|Any CPU.Build.0 = Release|Any CPU
	EndGlobalSection
	GlobalSection(SolutionProperties) = preSolution
		HideSolutionNode = FALSE
	EndGlobalSection
	GlobalSection(NestedProjects) = preSolution
		{8CAEAC85-95AF-46B1-8826-4D90ACF49530} = {FED9B060-19EB-4FBB-959C-094C3D53934E}
		{C26F9670-66CC-4859-8104-8DC1812BC129} = {B6C487A6-64D4-4E8A-9A1B-DE13E0A292C3}
		{602103FE-0B57-4DDD-8D17-015E9F9EDCDF} = {FED9B060-19EB-4FBB-959C-094C3D53934E}
		{097CF638-DC41-46B1-9B36-7EB198714713} = {FED9B060-19EB-4FBB-959C-094C3D53934E}
		{94B50423-490F-446A-93EB-20C02D59D5E3} = {B6C487A6-64D4-4E8A-9A1B-DE13E0A292C3}
		{4797EAAA-9FF4-406D-86B9-7EAE50542EB2} = {FED9B060-19EB-4FBB-959C-094C3D53934E}
	EndGlobalSection
	GlobalSection(ExtensibilityGlobals) = postSolution
		SolutionGuid = {187587A2-424B-4E66-996F-7ED37093298C}
	EndGlobalSection
EndGlobal
