
Microsoft Visual Studio Solution File, Format Version 12.00
# Visual Studio Version 16
VisualStudioVersion = 16.0.31624.102
MinimumVisualStudioVersion = 10.0.40219.1
Project("{FAE04EC0-301F-11D3-BF4B-00C04F79EFBC}") = "CustomerService.Api", "CustomerService.Api\CustomerService.Api.csproj", "{8CAEAC85-95AF-46B1-8826-4D90ACF49530}"
EndProject
Global
	GlobalSection(SolutionConfigurationPlatforms) = preSolution
		Debug|Any CPU = Debug|Any CPU
		Release|Any CPU = Release|Any CPU
	EndGlobalSection
	GlobalSection(ProjectConfigurationPlatforms) = postSolution
		{8CAEAC85-95AF-46B1-8826-4D90ACF49530}.Debug|Any CPU.ActiveCfg = Debug|Any CPU
		{8CAEAC85-95AF-46B1-8826-4D90ACF49530}.Debug|Any CPU.Build.0 = Debug|Any CPU
		{8CAEAC85-95AF-46B1-8826-4D90ACF49530}.Release|Any CPU.ActiveCfg = Release|Any CPU
		{8CAEAC85-95AF-46B1-8826-4D90ACF49530}.Release|Any CPU.Build.0 = Release|Any CPU
	EndGlobalSection
	GlobalSection(SolutionProperties) = preSolution
		HideSolutionNode = FALSE
	EndGlobalSection
	GlobalSection(ExtensibilityGlobals) = postSolution
		SolutionGuid = {187587A2-424B-4E66-996F-7ED37093298C}
	EndGlobalSection
EndGlobal
