
Microsoft Visual Studio Solution File, Format Version 12.00
# Visual Studio Version 16
VisualStudioVersion = 16.0.31624.102
MinimumVisualStudioVersion = 10.0.40219.1
Project("{FAE04EC0-301F-11D3-BF4B-00C04F79EFBC}") = "OrderService.Api", "OrderService.Api\OrderService.Api.csproj", "{5427B20E-FC42-45D2-9CC6-595ACD0FA01F}"
EndProject
Global
	GlobalSection(SolutionConfigurationPlatforms) = preSolution
		Debug|Any CPU = Debug|Any CPU
		Release|Any CPU = Release|Any CPU
	EndGlobalSection
	GlobalSection(ProjectConfigurationPlatforms) = postSolution
		{5427B20E-FC42-45D2-9CC6-595ACD0FA01F}.Debug|Any CPU.ActiveCfg = Debug|Any CPU
		{5427B20E-FC42-45D2-9CC6-595ACD0FA01F}.Debug|Any CPU.Build.0 = Debug|Any CPU
		{5427B20E-FC42-45D2-9CC6-595ACD0FA01F}.Release|Any CPU.ActiveCfg = Release|Any CPU
		{5427B20E-FC42-45D2-9CC6-595ACD0FA01F}.Release|Any CPU.Build.0 = Release|Any CPU
	EndGlobalSection
	GlobalSection(SolutionProperties) = preSolution
		HideSolutionNode = FALSE
	EndGlobalSection
	GlobalSection(ExtensibilityGlobals) = postSolution
		SolutionGuid = {5FE6A9EC-77AC-41DF-86FD-24AC9CFCA8BA}
	EndGlobalSection
EndGlobal
